
Microsoft Visual Studio Solution File, Format Version 12.00
# Visual Studio Version 17
VisualStudioVersion = 17.8.34330.188
MinimumVisualStudioVersion = 10.0.40219.1
Project("{FAE04EC0-301F-11D3-BF4B-00C04F79EFBC}") = "ConsoleAppMySQL", "ConsoleAppMySQL.csproj", "{7A69D5F3-E9FF-4A13-A472-641889EB86C9}"
EndProject
Global
	GlobalSection(SolutionConfigurationPlatforms) = preSolution
		Debug|Any CPU = Debug|Any CPU
		Release|Any CPU = Release|Any CPU
	EndGlobalSection
	GlobalSection(ProjectConfigurationPlatforms) = postSolution
		{7A69D5F3-E9FF-4A13-A472-641889EB86C9}.Debug|Any CPU.ActiveCfg = Debug|Any CPU
		{7A69D5F3-E9FF-4A13-A472-641889EB86C9}.Debug|Any CPU.Build.0 = Debug|Any CPU
		{7A69D5F3-E9FF-4A13-A472-641889EB86C9}.Release|Any CPU.ActiveCfg = Release|Any CPU
		{7A69D5F3-E9FF-4A13-A472-641889EB86C9}.Release|Any CPU.Build.0 = Release|Any CPU
	EndGlobalSection
	GlobalSection(SolutionProperties) = preSolution
		HideSolutionNode = FALSE
	EndGlobalSection
	GlobalSection(ExtensibilityGlobals) = postSolution
		SolutionGuid = {1D6A36D9-E13D-4EE8-BFFF-EE2DD173197A}
	EndGlobalSection
EndGlobal
